
Microsoft Visual Studio Solution File, Format Version 12.00
# Visual Studio Version 16
VisualStudioVersion = 16.0.30621.155
MinimumVisualStudioVersion = 10.0.40219.1
Project("{FAE04EC0-301F-11D3-BF4B-00C04F79EFBC}") = "Week 1 Chalenges", "Week 1 Chalenges\Week 1 Chalenges.csproj", "{BDD979A2-1CDB-4B0F-88C3-1E0388FEED8D}"
EndProject
Project("{FAE04EC0-301F-11D3-BF4B-00C04F79EFBC}") = "02_Conditionals", "02_Conditionals\02_Conditionals.csproj", "{9EB2DE4A-5E83-44CE-85E7-763BA6CF54F4}"
EndProject
Project("{FAE04EC0-301F-11D3-BF4B-00C04F79EFBC}") = "03_Loops", "03_Loops\03_Loops.csproj", "{5B6393CB-78EF-4EC6-8884-9C399D1AA164}"
EndProject
Global
	GlobalSection(SolutionConfigurationPlatforms) = preSolution
		Debug|Any CPU = Debug|Any CPU
		Release|Any CPU = Release|Any CPU
	EndGlobalSection
	GlobalSection(ProjectConfigurationPlatforms) = postSolution
		{BDD979A2-1CDB-4B0F-88C3-1E0388FEED8D}.Debug|Any CPU.ActiveCfg = Debug|Any CPU
		{BDD979A2-1CDB-4B0F-88C3-1E0388FEED8D}.Debug|Any CPU.Build.0 = Debug|Any CPU
		{BDD979A2-1CDB-4B0F-88C3-1E0388FEED8D}.Release|Any CPU.ActiveCfg = Release|Any CPU
		{BDD979A2-1CDB-4B0F-88C3-1E0388FEED8D}.Release|Any CPU.Build.0 = Release|Any CPU
		{9EB2DE4A-5E83-44CE-85E7-763BA6CF54F4}.Debug|Any CPU.ActiveCfg = Debug|Any CPU
		{9EB2DE4A-5E83-44CE-85E7-763BA6CF54F4}.Debug|Any CPU.Build.0 = Debug|Any CPU
		{9EB2DE4A-5E83-44CE-85E7-763BA6CF54F4}.Release|Any CPU.ActiveCfg = Release|Any CPU
		{9EB2DE4A-5E83-44CE-85E7-763BA6CF54F4}.Release|Any CPU.Build.0 = Release|Any CPU
		{5B6393CB-78EF-4EC6-8884-9C399D1AA164}.Debug|Any CPU.ActiveCfg = Debug|Any CPU
		{5B6393CB-78EF-4EC6-8884-9C399D1AA164}.Debug|Any CPU.Build.0 = Debug|Any CPU
		{5B6393CB-78EF-4EC6-8884-9C399D1AA164}.Release|Any CPU.ActiveCfg = Release|Any CPU
		{5B6393CB-78EF-4EC6-8884-9C399D1AA164}.Release|Any CPU.Build.0 = Release|Any CPU
	EndGlobalSection
	GlobalSection(SolutionProperties) = preSolution
		HideSolutionNode = FALSE
	EndGlobalSection
	GlobalSection(ExtensibilityGlobals) = postSolution
		SolutionGuid = {5E233DD8-39AD-46A8-891F-DED18ABBC323}
	EndGlobalSection
EndGlobal
